
Microsoft Visual Studio Solution File, Format Version 12.00
# Visual Studio 15
VisualStudioVersion = 15.0.28010.2046
MinimumVisualStudioVersion = 10.0.40219.1
Project("{FAE04EC0-301F-11D3-BF4B-00C04F79EFBC}") = "RecruimentTask", "RecruimentTask\RecruimentTask.csproj", "{AF3139E4-1E85-4134-9E6C-C6C2BB74E06F}"
EndProject
Global
	GlobalSection(SolutionConfigurationPlatforms) = preSolution
		Debug|Any CPU = Debug|Any CPU
		Release|Any CPU = Release|Any CPU
	EndGlobalSection
	GlobalSection(ProjectConfigurationPlatforms) = postSolution
		{AF3139E4-1E85-4134-9E6C-C6C2BB74E06F}.Debug|Any CPU.ActiveCfg = Debug|Any CPU
		{AF3139E4-1E85-4134-9E6C-C6C2BB74E06F}.Debug|Any CPU.Build.0 = Debug|Any CPU
		{AF3139E4-1E85-4134-9E6C-C6C2BB74E06F}.Release|Any CPU.ActiveCfg = Release|Any CPU
		{AF3139E4-1E85-4134-9E6C-C6C2BB74E06F}.Release|Any CPU.Build.0 = Release|Any CPU
	EndGlobalSection
	GlobalSection(SolutionProperties) = preSolution
		HideSolutionNode = FALSE
	EndGlobalSection
	GlobalSection(ExtensibilityGlobals) = postSolution
		SolutionGuid = {4E478875-2327-4350-85D4-64E8C53EBFAE}
	EndGlobalSection
EndGlobal
